
Microsoft Visual Studio Solution File, Format Version 12.00
# Visual Studio Version 16
VisualStudioVersion = 16.0.32407.337
MinimumVisualStudioVersion = 10.0.40219.1
Project("{FAE04EC0-301F-11D3-BF4B-00C04F79EFBC}") = "AbstractFactoryWinforms", "AbstractFactoryWinforms.csproj", "{2299D524-10F4-4560-8CAA-425A4B56A1BA}"
EndProject
Global
	GlobalSection(SolutionConfigurationPlatforms) = preSolution
		Debug|Any CPU = Debug|Any CPU
		Release|Any CPU = Release|Any CPU
	EndGlobalSection
	GlobalSection(ProjectConfigurationPlatforms) = postSolution
		{2299D524-10F4-4560-8CAA-425A4B56A1BA}.Debug|Any CPU.ActiveCfg = Debug|Any CPU
		{2299D524-10F4-4560-8CAA-425A4B56A1BA}.Debug|Any CPU.Build.0 = Debug|Any CPU
		{2299D524-10F4-4560-8CAA-425A4B56A1BA}.Release|Any CPU.ActiveCfg = Release|Any CPU
		{2299D524-10F4-4560-8CAA-425A4B56A1BA}.Release|Any CPU.Build.0 = Release|Any CPU
	EndGlobalSection
	GlobalSection(SolutionProperties) = preSolution
		HideSolutionNode = FALSE
	EndGlobalSection
	GlobalSection(ExtensibilityGlobals) = postSolution
		SolutionGuid = {A7EDCE5A-1F0C-4C62-BEC2-618C717C4DA0}
	EndGlobalSection
EndGlobal
